
Microsoft Visual Studio Solution File, Format Version 12.00
# Visual Studio Version 16
VisualStudioVersion = 16.0.31702.278
MinimumVisualStudioVersion = 10.0.40219.1
Project("{FAE04EC0-301F-11D3-BF4B-00C04F79EFBC}") = "MLT.Mobile.Android", "MLT.Mobile\MLT.Mobile.Android\MLT.Mobile.Android.csproj", "{672F6702-3F93-44B4-A9E2-018BDDADB50C}"
EndProject
Project("{9A19103F-16F7-4668-BE54-9A1E7A4F7556}") = "MLT.Mobile", "MLT.Mobile\MLT.Mobile\MLT.Mobile.csproj", "{D5526C04-FC82-4916-B337-033C7861FBDF}"
EndProject
Project("{9A19103F-16F7-4668-BE54-9A1E7A4F7556}") = "MLT.Data.Contracts", "MLT.Data.Contracts\MLT.Data.Contracts.csproj", "{F3AC2294-271E-4081-9668-4ACB7E6E6016}"
EndProject
Project("{9A19103F-16F7-4668-BE54-9A1E7A4F7556}") = "MLT.Data.Repositories", "MLT.Data.Repositories\MLT.Data.Repositories.csproj", "{EAB316D8-BA48-44E9-A849-F3F17A699FAA}"
EndProject
Project("{9A19103F-16F7-4668-BE54-9A1E7A4F7556}") = "MLT.Domain.Services", "MLT.Domain.Services\MLT.Domain.Services.csproj", "{9F99AA41-E201-4987-A871-24FD5F34DE2B}"
EndProject
Project("{9A19103F-16F7-4668-BE54-9A1E7A4F7556}") = "MLT.Domain.Contracts", "MLT.Domain.Contracts\MLT.Domain.Contracts.csproj", "{BA3216B2-50BD-4469-9412-5B3FBE409DC9}"
EndProject
Project("{9A19103F-16F7-4668-BE54-9A1E7A4F7556}") = "MLT.Web.Services.Rest", "MLT.Web.Services.Rest\MLT.Web.Services.Rest.csproj", "{B5A2EA1D-92A0-4B9D-86EF-8E230852C1D3}"
EndProject
Project("{9A19103F-16F7-4668-BE54-9A1E7A4F7556}") = "MLT.Web.Contracts", "MLT.Web.Contracts\MLT.Web.Contracts.csproj", "{A9F154DF-DE69-4484-9FBD-4932FA10E7F7}"
EndProject
Project("{9A19103F-16F7-4668-BE54-9A1E7A4F7556}") = "MLT.Infrastructure", "MLT.Infrastructure\MLT.Infrastructure.csproj", "{6941C3A6-2E59-4DBC-9021-D1E84427D496}"
EndProject
Project("{9A19103F-16F7-4668-BE54-9A1E7A4F7556}") = "MLT.Desktop.AppUsers", "MLT.Desktop.AppUsers\MLT.Desktop.AppUsers.csproj", "{A764EDF9-5E2D-4517-AB84-2F5648541A6B}"
EndProject
Project("{9A19103F-16F7-4668-BE54-9A1E7A4F7556}") = "MLT.Desktop.AppUsers.Contracts", "MLT.Desktop.AppUsers.Contracts\MLT.Desktop.AppUsers.Contracts.csproj", "{A7BA7D26-BB71-473D-B9B7-735B9887BB73}"
EndProject
Project("{8BC9CEB8-8B4A-11D0-8D11-00A0C91BC942}") = "WSQ", "..\AFIS.WSQ.K-master\WSQ.vcxproj", "{FACBEB9C-0223-4E54-9B93-D9B8FC3702D6}"
EndProject
Project("{FAE04EC0-301F-11D3-BF4B-00C04F79EFBC}") = "MLT.Desktop.SyncDaemon", "MLT.Desktop.SyncDaemon\MLT.Desktop.SyncDaemon.csproj", "{5B627708-614C-47AD-B656-EAFDC606E217}"
EndProject
Global
	GlobalSection(SolutionConfigurationPlatforms) = preSolution
		Debug|Any CPU = Debug|Any CPU
		Debug|x64 = Debug|x64
		Debug|x86 = Debug|x86
		Release|Any CPU = Release|Any CPU
		Release|x64 = Release|x64
		Release|x86 = Release|x86
	EndGlobalSection
	GlobalSection(ProjectConfigurationPlatforms) = postSolution
		{672F6702-3F93-44B4-A9E2-018BDDADB50C}.Debug|Any CPU.ActiveCfg = Debug|Any CPU
		{672F6702-3F93-44B4-A9E2-018BDDADB50C}.Debug|Any CPU.Build.0 = Debug|Any CPU
		{672F6702-3F93-44B4-A9E2-018BDDADB50C}.Debug|Any CPU.Deploy.0 = Debug|Any CPU
		{672F6702-3F93-44B4-A9E2-018BDDADB50C}.Debug|x64.ActiveCfg = Debug|Any CPU
		{672F6702-3F93-44B4-A9E2-018BDDADB50C}.Debug|x64.Build.0 = Debug|Any CPU
		{672F6702-3F93-44B4-A9E2-018BDDADB50C}.Debug|x64.Deploy.0 = Debug|Any CPU
		{672F6702-3F93-44B4-A9E2-018BDDADB50C}.Debug|x86.ActiveCfg = Debug|Any CPU
		{672F6702-3F93-44B4-A9E2-018BDDADB50C}.Debug|x86.Build.0 = Debug|Any CPU
		{672F6702-3F93-44B4-A9E2-018BDDADB50C}.Debug|x86.Deploy.0 = Debug|Any CPU
		{672F6702-3F93-44B4-A9E2-018BDDADB50C}.Release|Any CPU.ActiveCfg = Release|Any CPU
		{672F6702-3F93-44B4-A9E2-018BDDADB50C}.Release|Any CPU.Build.0 = Release|Any CPU
		{672F6702-3F93-44B4-A9E2-018BDDADB50C}.Release|Any CPU.Deploy.0 = Release|Any CPU
		{672F6702-3F93-44B4-A9E2-018BDDADB50C}.Release|x64.ActiveCfg = Release|Any CPU
		{672F6702-3F93-44B4-A9E2-018BDDADB50C}.Release|x64.Build.0 = Release|Any CPU
		{672F6702-3F93-44B4-A9E2-018BDDADB50C}.Release|x64.Deploy.0 = Release|Any CPU
		{672F6702-3F93-44B4-A9E2-018BDDADB50C}.Release|x86.ActiveCfg = Release|Any CPU
		{672F6702-3F93-44B4-A9E2-018BDDADB50C}.Release|x86.Build.0 = Release|Any CPU
		{672F6702-3F93-44B4-A9E2-018BDDADB50C}.Release|x86.Deploy.0 = Release|Any CPU
		{D5526C04-FC82-4916-B337-033C7861FBDF}.Debug|Any CPU.ActiveCfg = Debug|Any CPU
		{D5526C04-FC82-4916-B337-033C7861FBDF}.Debug|Any CPU.Build.0 = Debug|Any CPU
		{D5526C04-FC82-4916-B337-033C7861FBDF}.Debug|x64.ActiveCfg = Debug|Any CPU
		{D5526C04-FC82-4916-B337-033C7861FBDF}.Debug|x64.Build.0 = Debug|Any CPU
		{D5526C04-FC82-4916-B337-033C7861FBDF}.Debug|x86.ActiveCfg = Debug|Any CPU
		{D5526C04-FC82-4916-B337-033C7861FBDF}.Debug|x86.Build.0 = Debug|Any CPU
		{D5526C04-FC82-4916-B337-033C7861FBDF}.Release|Any CPU.ActiveCfg = Release|Any CPU
		{D5526C04-FC82-4916-B337-033C7861FBDF}.Release|Any CPU.Build.0 = Release|Any CPU
		{D5526C04-FC82-4916-B337-033C7861FBDF}.Release|x64.ActiveCfg = Release|Any CPU
		{D5526C04-FC82-4916-B337-033C7861FBDF}.Release|x64.Build.0 = Release|Any CPU
		{D5526C04-FC82-4916-B337-033C7861FBDF}.Release|x86.ActiveCfg = Release|Any CPU
		{D5526C04-FC82-4916-B337-033C7861FBDF}.Release|x86.Build.0 = Release|Any CPU
		{F3AC2294-271E-4081-9668-4ACB7E6E6016}.Debug|Any CPU.ActiveCfg = Debug|Any CPU
		{F3AC2294-271E-4081-9668-4ACB7E6E6016}.Debug|Any CPU.Build.0 = Debug|Any CPU
		{F3AC2294-271E-4081-9668-4ACB7E6E6016}.Debug|x64.ActiveCfg = Debug|Any CPU
		{F3AC2294-271E-4081-9668-4ACB7E6E6016}.Debug|x64.Build.0 = Debug|Any CPU
		{F3AC2294-271E-4081-9668-4ACB7E6E6016}.Debug|x86.ActiveCfg = Debug|Any CPU
		{F3AC2294-271E-4081-9668-4ACB7E6E6016}.Debug|x86.Build.0 = Debug|Any CPU
		{F3AC2294-271E-4081-9668-4ACB7E6E6016}.Release|Any CPU.ActiveCfg = Release|Any CPU
		{F3AC2294-271E-4081-9668-4ACB7E6E6016}.Release|Any CPU.Build.0 = Release|Any CPU
		{F3AC2294-271E-4081-9668-4ACB7E6E6016}.Release|x64.ActiveCfg = Release|Any CPU
		{F3AC2294-271E-4081-9668-4ACB7E6E6016}.Release|x64.Build.0 = Release|Any CPU
		{F3AC2294-271E-4081-9668-4ACB7E6E6016}.Release|x86.ActiveCfg = Release|x86
		{F3AC2294-271E-4081-9668-4ACB7E6E6016}.Release|x86.Build.0 = Release|x86
		{EAB316D8-BA48-44E9-A849-F3F17A699FAA}.Debug|Any CPU.ActiveCfg = Debug|Any CPU
		{EAB316D8-BA48-44E9-A849-F3F17A699FAA}.Debug|Any CPU.Build.0 = Debug|Any CPU
		{EAB316D8-BA48-44E9-A849-F3F17A699FAA}.Debug|x64.ActiveCfg = Debug|Any CPU
		{EAB316D8-BA48-44E9-A849-F3F17A699FAA}.Debug|x64.Build.0 = Debug|Any CPU
		{EAB316D8-BA48-44E9-A849-F3F17A699FAA}.Debug|x86.ActiveCfg = Debug|Any CPU
		{EAB316D8-BA48-44E9-A849-F3F17A699FAA}.Debug|x86.Build.0 = Debug|Any CPU
		{EAB316D8-BA48-44E9-A849-F3F17A699FAA}.Release|Any CPU.ActiveCfg = Release|Any CPU
		{EAB316D8-BA48-44E9-A849-F3F17A699FAA}.Release|Any CPU.Build.0 = Release|Any CPU
		{EAB316D8-BA48-44E9-A849-F3F17A699FAA}.Release|x64.ActiveCfg = Release|Any CPU
		{EAB316D8-BA48-44E9-A849-F3F17A699FAA}.Release|x64.Build.0 = Release|Any CPU
		{EAB316D8-BA48-44E9-A849-F3F17A699FAA}.Release|x86.ActiveCfg = Release|Any CPU
		{EAB316D8-BA48-44E9-A849-F3F17A699FAA}.Release|x86.Build.0 = Release|Any CPU
		{9F99AA41-E201-4987-A871-24FD5F34DE2B}.Debug|Any CPU.ActiveCfg = Debug|Any CPU
		{9F99AA41-E201-4987-A871-24FD5F34DE2B}.Debug|Any CPU.Build.0 = Debug|Any CPU
		{9F99AA41-E201-4987-A871-24FD5F34DE2B}.Debug|x64.ActiveCfg = Debug|Any CPU
		{9F99AA41-E201-4987-A871-24FD5F34DE2B}.Debug|x64.Build.0 = Debug|Any CPU
		{9F99AA41-E201-4987-A871-24FD5F34DE2B}.Debug|x86.ActiveCfg = Debug|Any CPU
		{9F99AA41-E201-4987-A871-24FD5F34DE2B}.Debug|x86.Build.0 = Debug|Any CPU
		{9F99AA41-E201-4987-A871-24FD5F34DE2B}.Release|Any CPU.ActiveCfg = Release|Any CPU
		{9F99AA41-E201-4987-A871-24FD5F34DE2B}.Release|Any CPU.Build.0 = Release|Any CPU
		{9F99AA41-E201-4987-A871-24FD5F34DE2B}.Release|x64.ActiveCfg = Release|Any CPU
		{9F99AA41-E201-4987-A871-24FD5F34DE2B}.Release|x64.Build.0 = Release|Any CPU
		{9F99AA41-E201-4987-A871-24FD5F34DE2B}.Release|x86.ActiveCfg = Release|Any CPU
		{9F99AA41-E201-4987-A871-24FD5F34DE2B}.Release|x86.Build.0 = Release|Any CPU
		{BA3216B2-50BD-4469-9412-5B3FBE409DC9}.Debug|Any CPU.ActiveCfg = Debug|Any CPU
		{BA3216B2-50BD-4469-9412-5B3FBE409DC9}.Debug|Any CPU.Build.0 = Debug|Any CPU
		{BA3216B2-50BD-4469-9412-5B3FBE409DC9}.Debug|x64.ActiveCfg = Debug|Any CPU
		{BA3216B2-50BD-4469-9412-5B3FBE409DC9}.Debug|x64.Build.0 = Debug|Any CPU
		{BA3216B2-50BD-4469-9412-5B3FBE409DC9}.Debug|x86.ActiveCfg = Debug|Any CPU
		{BA3216B2-50BD-4469-9412-5B3FBE409DC9}.Debug|x86.Build.0 = Debug|Any CPU
		{BA3216B2-50BD-4469-9412-5B3FBE409DC9}.Release|Any CPU.ActiveCfg = Release|Any CPU
		{BA3216B2-50BD-4469-9412-5B3FBE409DC9}.Release|Any CPU.Build.0 = Release|Any CPU
		{BA3216B2-50BD-4469-9412-5B3FBE409DC9}.Release|x64.ActiveCfg = Release|Any CPU
		{BA3216B2-50BD-4469-9412-5B3FBE409DC9}.Release|x64.Build.0 = Release|Any CPU
		{BA3216B2-50BD-4469-9412-5B3FBE409DC9}.Release|x86.ActiveCfg = Release|Any CPU
		{BA3216B2-50BD-4469-9412-5B3FBE409DC9}.Release|x86.Build.0 = Release|Any CPU
		{B5A2EA1D-92A0-4B9D-86EF-8E230852C1D3}.Debug|Any CPU.ActiveCfg = Debug|Any CPU
		{B5A2EA1D-92A0-4B9D-86EF-8E230852C1D3}.Debug|Any CPU.Build.0 = Debug|Any CPU
		{B5A2EA1D-92A0-4B9D-86EF-8E230852C1D3}.Debug|x64.ActiveCfg = Debug|x64
		{B5A2EA1D-92A0-4B9D-86EF-8E230852C1D3}.Debug|x64.Build.0 = Debug|x64
		{B5A2EA1D-92A0-4B9D-86EF-8E230852C1D3}.Debug|x86.ActiveCfg = Debug|Any CPU
		{B5A2EA1D-92A0-4B9D-86EF-8E230852C1D3}.Debug|x86.Build.0 = Debug|Any CPU
		{B5A2EA1D-92A0-4B9D-86EF-8E230852C1D3}.Release|Any CPU.ActiveCfg = Release|Any CPU
		{B5A2EA1D-92A0-4B9D-86EF-8E230852C1D3}.Release|Any CPU.Build.0 = Release|Any CPU
		{B5A2EA1D-92A0-4B9D-86EF-8E230852C1D3}.Release|x64.ActiveCfg = Release|x64
		{B5A2EA1D-92A0-4B9D-86EF-8E230852C1D3}.Release|x64.Build.0 = Release|x64
		{B5A2EA1D-92A0-4B9D-86EF-8E230852C1D3}.Release|x86.ActiveCfg = Release|Any CPU
		{B5A2EA1D-92A0-4B9D-86EF-8E230852C1D3}.Release|x86.Build.0 = Release|Any CPU
		{A9F154DF-DE69-4484-9FBD-4932FA10E7F7}.Debug|Any CPU.ActiveCfg = Debug|Any CPU
		{A9F154DF-DE69-4484-9FBD-4932FA10E7F7}.Debug|Any CPU.Build.0 = Debug|Any CPU
		{A9F154DF-DE69-4484-9FBD-4932FA10E7F7}.Debug|x64.ActiveCfg = Debug|Any CPU
		{A9F154DF-DE69-4484-9FBD-4932FA10E7F7}.Debug|x64.Build.0 = Debug|Any CPU
		{A9F154DF-DE69-4484-9FBD-4932FA10E7F7}.Debug|x86.ActiveCfg = Debug|Any CPU
		{A9F154DF-DE69-4484-9FBD-4932FA10E7F7}.Debug|x86.Build.0 = Debug|Any CPU
		{A9F154DF-DE69-4484-9FBD-4932FA10E7F7}.Release|Any CPU.ActiveCfg = Release|Any CPU
		{A9F154DF-DE69-4484-9FBD-4932FA10E7F7}.Release|Any CPU.Build.0 = Release|Any CPU
		{A9F154DF-DE69-4484-9FBD-4932FA10E7F7}.Release|x64.ActiveCfg = Release|Any CPU
		{A9F154DF-DE69-4484-9FBD-4932FA10E7F7}.Release|x64.Build.0 = Release|Any CPU
		{A9F154DF-DE69-4484-9FBD-4932FA10E7F7}.Release|x86.ActiveCfg = Release|Any CPU
		{A9F154DF-DE69-4484-9FBD-4932FA10E7F7}.Release|x86.Build.0 = Release|Any CPU
		{6941C3A6-2E59-4DBC-9021-D1E84427D496}.Debug|Any CPU.ActiveCfg = Debug|Any CPU
		{6941C3A6-2E59-4DBC-9021-D1E84427D496}.Debug|Any CPU.Build.0 = Debug|Any CPU
		{6941C3A6-2E59-4DBC-9021-D1E84427D496}.Debug|x64.ActiveCfg = Debug|Any CPU
		{6941C3A6-2E59-4DBC-9021-D1E84427D496}.Debug|x64.Build.0 = Debug|Any CPU
		{6941C3A6-2E59-4DBC-9021-D1E84427D496}.Debug|x86.ActiveCfg = Debug|Any CPU
		{6941C3A6-2E59-4DBC-9021-D1E84427D496}.Debug|x86.Build.0 = Debug|Any CPU
		{6941C3A6-2E59-4DBC-9021-D1E84427D496}.Release|Any CPU.ActiveCfg = Release|Any CPU
		{6941C3A6-2E59-4DBC-9021-D1E84427D496}.Release|Any CPU.Build.0 = Release|Any CPU
		{6941C3A6-2E59-4DBC-9021-D1E84427D496}.Release|x64.ActiveCfg = Release|Any CPU
		{6941C3A6-2E59-4DBC-9021-D1E84427D496}.Release|x64.Build.0 = Release|Any CPU
		{6941C3A6-2E59-4DBC-9021-D1E84427D496}.Release|x86.ActiveCfg = Release|Any CPU
		{6941C3A6-2E59-4DBC-9021-D1E84427D496}.Release|x86.Build.0 = Release|Any CPU
		{A764EDF9-5E2D-4517-AB84-2F5648541A6B}.Debug|Any CPU.ActiveCfg = Debug|Any CPU
		{A764EDF9-5E2D-4517-AB84-2F5648541A6B}.Debug|Any CPU.Build.0 = Debug|Any CPU
		{A764EDF9-5E2D-4517-AB84-2F5648541A6B}.Debug|x64.ActiveCfg = Debug|Any CPU
		{A764EDF9-5E2D-4517-AB84-2F5648541A6B}.Debug|x64.Build.0 = Debug|Any CPU
		{A764EDF9-5E2D-4517-AB84-2F5648541A6B}.Debug|x86.ActiveCfg = Debug|Any CPU
		{A764EDF9-5E2D-4517-AB84-2F5648541A6B}.Debug|x86.Build.0 = Debug|Any CPU
		{A764EDF9-5E2D-4517-AB84-2F5648541A6B}.Release|Any CPU.ActiveCfg = Release|Any CPU
		{A764EDF9-5E2D-4517-AB84-2F5648541A6B}.Release|Any CPU.Build.0 = Release|Any CPU
		{A764EDF9-5E2D-4517-AB84-2F5648541A6B}.Release|x64.ActiveCfg = Release|Any CPU
		{A764EDF9-5E2D-4517-AB84-2F5648541A6B}.Release|x64.Build.0 = Release|Any CPU
		{A764EDF9-5E2D-4517-AB84-2F5648541A6B}.Release|x86.ActiveCfg = Release|Any CPU
		{A764EDF9-5E2D-4517-AB84-2F5648541A6B}.Release|x86.Build.0 = Release|Any CPU
		{A7BA7D26-BB71-473D-B9B7-735B9887BB73}.Debug|Any CPU.ActiveCfg = Debug|Any CPU
		{A7BA7D26-BB71-473D-B9B7-735B9887BB73}.Debug|Any CPU.Build.0 = Debug|Any CPU
		{A7BA7D26-BB71-473D-B9B7-735B9887BB73}.Debug|x64.ActiveCfg = Debug|Any CPU
		{A7BA7D26-BB71-473D-B9B7-735B9887BB73}.Debug|x64.Build.0 = Debug|Any CPU
		{A7BA7D26-BB71-473D-B9B7-735B9887BB73}.Debug|x86.ActiveCfg = Debug|Any CPU
		{A7BA7D26-BB71-473D-B9B7-735B9887BB73}.Debug|x86.Build.0 = Debug|Any CPU
		{A7BA7D26-BB71-473D-B9B7-735B9887BB73}.Release|Any CPU.ActiveCfg = Release|Any CPU
		{A7BA7D26-BB71-473D-B9B7-735B9887BB73}.Release|Any CPU.Build.0 = Release|Any CPU
		{A7BA7D26-BB71-473D-B9B7-735B9887BB73}.Release|x64.ActiveCfg = Release|Any CPU
		{A7BA7D26-BB71-473D-B9B7-735B9887BB73}.Release|x64.Build.0 = Release|Any CPU
		{A7BA7D26-BB71-473D-B9B7-735B9887BB73}.Release|x86.ActiveCfg = Release|Any CPU
		{A7BA7D26-BB71-473D-B9B7-735B9887BB73}.Release|x86.Build.0 = Release|Any CPU
		{FACBEB9C-0223-4E54-9B93-D9B8FC3702D6}.Debug|Any CPU.ActiveCfg = Debug|Win32
		{FACBEB9C-0223-4E54-9B93-D9B8FC3702D6}.Debug|x64.ActiveCfg = Debug|x64
		{FACBEB9C-0223-4E54-9B93-D9B8FC3702D6}.Debug|x64.Build.0 = Debug|x64
		{FACBEB9C-0223-4E54-9B93-D9B8FC3702D6}.Debug|x86.ActiveCfg = Debug|Win32
		{FACBEB9C-0223-4E54-9B93-D9B8FC3702D6}.Debug|x86.Build.0 = Debug|Win32
		{FACBEB9C-0223-4E54-9B93-D9B8FC3702D6}.Release|Any CPU.ActiveCfg = Release|Win32
		{FACBEB9C-0223-4E54-9B93-D9B8FC3702D6}.Release|x64.ActiveCfg = Release|x64
		{FACBEB9C-0223-4E54-9B93-D9B8FC3702D6}.Release|x64.Build.0 = Release|x64
		{FACBEB9C-0223-4E54-9B93-D9B8FC3702D6}.Release|x86.ActiveCfg = Release|Win32
		{FACBEB9C-0223-4E54-9B93-D9B8FC3702D6}.Release|x86.Build.0 = Release|Win32
		{5B627708-614C-47AD-B656-EAFDC606E217}.Debug|Any CPU.ActiveCfg = Debug|Any CPU
		{5B627708-614C-47AD-B656-EAFDC606E217}.Debug|Any CPU.Build.0 = Debug|Any CPU
		{5B627708-614C-47AD-B656-EAFDC606E217}.Debug|x64.ActiveCfg = Debug|Any CPU
		{5B627708-614C-47AD-B656-EAFDC606E217}.Debug|x64.Build.0 = Debug|Any CPU
		{5B627708-614C-47AD-B656-EAFDC606E217}.Debug|x86.ActiveCfg = Debug|Any CPU
		{5B627708-614C-47AD-B656-EAFDC606E217}.Debug|x86.Build.0 = Debug|Any CPU
		{5B627708-614C-47AD-B656-EAFDC606E217}.Release|Any CPU.ActiveCfg = Release|Any CPU
		{5B627708-614C-47AD-B656-EAFDC606E217}.Release|Any CPU.Build.0 = Release|Any CPU
		{5B627708-614C-47AD-B656-EAFDC606E217}.Release|x64.ActiveCfg = Release|Any CPU
		{5B627708-614C-47AD-B656-EAFDC606E217}.Release|x64.Build.0 = Release|Any CPU
		{5B627708-614C-47AD-B656-EAFDC606E217}.Release|x86.ActiveCfg = Release|Any CPU
		{5B627708-614C-47AD-B656-EAFDC606E217}.Release|x86.Build.0 = Release|Any CPU
	EndGlobalSection
	GlobalSection(SolutionProperties) = preSolution
		HideSolutionNode = FALSE
	EndGlobalSection
	GlobalSection(ExtensibilityGlobals) = postSolution
		SolutionGuid = {D46A5789-F824-4E9B-8AFD-BC3A987CB332}
	EndGlobalSection
EndGlobal
